{"is_source_file": false, "format": "", "description": "", "external_files": [], "external_methods": [], "published": [], "classes": [], "methods": [], "calls": [], "search-terms": [], "state": 2, "file_id": 9, "knowledge_revision": 25, "git_revision": "1c6f562b56b16a3f8f44469c61d0d5a4bc175650", "filename": "/home/kavia/workspace/code-generation/recipemaster-pro-94002-94026/recipe_master_container/post_process_status.lock", "hash": "9c4ed7ef73e22b872b8055bec08b8979", "format-version": 4, "code-base-name": "default", "revision_history": [{"25": "1c6f562b56b16a3f8f44469c61d0d5a4bc175650"}]}